// !$*UTF8*$!
{
	archiveVersion = 1;
	classes = {
	};
	objectVersion = 54;
	objects = {

/* Begin PBXBuildFile section */
		0A1D981F79C6E54FD4DB2B95 /* ImageEditorView.swift in Sources */ = {isa = PBXBuildFile; fileRef = D14673B25F51EE225E149AA2 /* ImageEditorView.swift */; };
		34B5B1662B9C1DC4B8F3E10D /* shared.framework in Embed Frameworks */ = {isa = PBXBuildFile; fileRef = 33A4BBB0882AF91C7D9360E2 /* shared.framework */; settings = {ATTRIBUTES = (CodeSignOnCopy, RemoveHeadersOnCopy, ); }; };
		5293F5E9DC499635AE13A119 /* SceneDelegate.swift in Sources */ = {isa = PBXBuildFile; fileRef = 7E70ED71F984388F10B3A4EC /* SceneDelegate.swift */; };
		794CD725BA1DE9E7A54B950F /* ImageManipulatorApp.swift in Sources */ = {isa = PBXBuildFile; fileRef = 22DFCFD8A2AB443CF649A944 /* ImageManipulatorApp.swift */; };
		8B56B10C965B4019ACFDE260 /* ImageEditorViewModel.swift in Sources */ = {isa = PBXBuildFile; fileRef = 350F14AB78E74E642DC33D8C /* ImageEditorViewModel.swift */; };
		9661CB66434DB6D92481D596 /* shared.framework in Frameworks */ = {isa = PBXBuildFile; fileRef = 33A4BBB0882AF91C7D9360E2 /* shared.framework */; };
		9D6E18C85D3C8630371E899F /* ImagePicker.swift in Sources */ = {isa = PBXBuildFile; fileRef = 208EEFF0E4592314C6DEDFE8 /* ImagePicker.swift */; };
		CAD5C19143B9710D57FD520F /* LaunchScreen.storyboard in Resources */ = {isa = PBXBuildFile; fileRef = 8259530E474F103904647604 /* LaunchScreen.storyboard */; };
/* End PBXBuildFile section */

/* Begin PBXCopyFilesBuildPhase section */
		B05C046C7235069063C3DBF2 /* Embed Frameworks */ = {
			isa = PBXCopyFilesBuildPhase;
			buildActionMask = 2147483647;
			dstPath = "";
			dstSubfolderSpec = 10;
			files = (
				34B5B1662B9C1DC4B8F3E10D /* shared.framework in Embed Frameworks */,
			);
			name = "Embed Frameworks";
			runOnlyForDeploymentPostprocessing = 0;
		};
/* End PBXCopyFilesBuildPhase section */

/* Begin PBXFileReference section */
		208EEFF0E4592314C6DEDFE8 /* ImagePicker.swift */ = {isa = PBXFileReference; lastKnownFileType = sourcecode.swift; path = ImagePicker.swift; sourceTree = "<group>"; };
		22DFCFD8A2AB443CF649A944 /* ImageManipulatorApp.swift */ = {isa = PBXFileReference; lastKnownFileType = sourcecode.swift; path = ImageManipulatorApp.swift; sourceTree = "<group>"; };
		33A4BBB0882AF91C7D9360E2 /* shared.framework */ = {isa = PBXFileReference; lastKnownFileType = wrapper.framework; name = shared.framework; path = ../build/cocoapods/framework/shared.framework; sourceTree = "<group>"; };
		350F14AB78E74E642DC33D8C /* ImageEditorViewModel.swift */ = {isa = PBXFileReference; lastKnownFileType = sourcecode.swift; path = ImageEditorViewModel.swift; sourceTree = "<group>"; };
		5F39F572C5F7F9039FAD05E3 /* Info.plist */ = {isa = PBXFileReference; lastKnownFileType = text.plist; path = Info.plist; sourceTree = "<group>"; };
		7E70ED71F984388F10B3A4EC /* SceneDelegate.swift */ = {isa = PBXFileReference; lastKnownFileType = sourcecode.swift; path = SceneDelegate.swift; sourceTree = "<group>"; };
		8259530E474F103904647604 /* LaunchScreen.storyboard */ = {isa = PBXFileReference; lastKnownFileType = file.storyboard; path = LaunchScreen.storyboard; sourceTree = "<group>"; };
		D14673B25F51EE225E149AA2 /* ImageEditorView.swift */ = {isa = PBXFileReference; lastKnownFileType = sourcecode.swift; path = ImageEditorView.swift; sourceTree = "<group>"; };
		D1E501FB59332C3C6E3AC395 /* ImageManipulator.app */ = {isa = PBXFileReference; includeInIndex = 0; lastKnownFileType = wrapper.application; path = ImageManipulator.app; sourceTree = BUILT_PRODUCTS_DIR; };
/* End PBXFileReference section */

/* Begin PBXFrameworksBuildPhase section */
		0AE738FC150CBEBA3A62D169 /* Frameworks */ = {
			isa = PBXFrameworksBuildPhase;
			buildActionMask = 2147483647;
			files = (
				9661CB66434DB6D92481D596 /* shared.framework in Frameworks */,
			);
			runOnlyForDeploymentPostprocessing = 0;
		};
/* End PBXFrameworksBuildPhase section */

/* Begin PBXGroup section */
		60594E12A0C976A454E9B74B /* ImageManipulatorSwiftApp */ = {
			isa = PBXGroup;
			children = (
				D14673B25F51EE225E149AA2 /* ImageEditorView.swift */,
				350F14AB78E74E642DC33D8C /* ImageEditorViewModel.swift */,
				22DFCFD8A2AB443CF649A944 /* ImageManipulatorApp.swift */,
				208EEFF0E4592314C6DEDFE8 /* ImagePicker.swift */,
				7E70ED71F984388F10B3A4EC /* SceneDelegate.swift */,
			);
			path = ImageManipulatorSwiftApp;
			sourceTree = "<group>";
		};
		B42161006181BD7DF6C60B6C /* Frameworks */ = {
			isa = PBXGroup;
			children = (
				33A4BBB0882AF91C7D9360E2 /* shared.framework */,
			);
			name = Frameworks;
			sourceTree = "<group>";
		};
		C57D19352CF756CA3A60FDD3 = {
			isa = PBXGroup;
			children = (
				5F39F572C5F7F9039FAD05E3 /* Info.plist */,
				8259530E474F103904647604 /* LaunchScreen.storyboard */,
				60594E12A0C976A454E9B74B /* ImageManipulatorSwiftApp */,
				B42161006181BD7DF6C60B6C /* Frameworks */,
				E5F8F36BCDDD7137E4E0F0E3 /* Products */,
			);
			sourceTree = "<group>";
		};
		E5F8F36BCDDD7137E4E0F0E3 /* Products */ = {
			isa = PBXGroup;
			children = (
				D1E501FB59332C3C6E3AC395 /* ImageManipulator.app */,
			);
			name = Products;
			sourceTree = "<group>";
		};
/* End PBXGroup section */

/* Begin PBXNativeTarget section */
		C953B40E9001409A39D1A390 /* ImageManipulator */ = {
			isa = PBXNativeTarget;
			buildConfigurationList = F7D8F5D46014EABD6BBD11E1 /* Build configuration list for PBXNativeTarget "ImageManipulator" */;
			buildPhases = (
				7741EE754F963ED6CAB3663E /* Sources */,
				CEF9DCD95079BF23E3A5A82E /* Resources */,
				0AE738FC150CBEBA3A62D169 /* Frameworks */,
				B05C046C7235069063C3DBF2 /* Embed Frameworks */,
			);
			buildRules = (
			);
			dependencies = (
			);
			name = ImageManipulator;
			packageProductDependencies = (
			);
			productName = ImageManipulator;
			productReference = D1E501FB59332C3C6E3AC395 /* ImageManipulator.app */;
			productType = "com.apple.product-type.application";
		};
/* End PBXNativeTarget section */

/* Begin PBXProject section */
		F49EFC15E4F9C2CE27B18040 /* Project object */ = {
			isa = PBXProject;
			attributes = {
				BuildIndependentTargetsInParallel = YES;
				LastUpgradeCheck = 1430;
				TargetAttributes = {
					C953B40E9001409A39D1A390 = {
						DevelopmentTeam = "";
					};
				};
			};
			buildConfigurationList = 8C91BD25B238DCCDADF0A3EE /* Build configuration list for PBXProject "ImageManipulator" */;
			compatibilityVersion = "Xcode 14.0";
			developmentRegion = en;
			hasScannedForEncodings = 0;
			knownRegions = (
				Base,
				en,
			);
			mainGroup = C57D19352CF756CA3A60FDD3;
			minimizedProjectReferenceProxies = 1;
			preferredProjectObjectVersion = 54;
			projectDirPath = "";
			projectRoot = "";
			targets = (
				C953B40E9001409A39D1A390 /* ImageManipulator */,
			);
		};
/* End PBXProject section */

/* Begin PBXResourcesBuildPhase section */
		CEF9DCD95079BF23E3A5A82E /* Resources */ = {
			isa = PBXResourcesBuildPhase;
			buildActionMask = 2147483647;
			files = (
				CAD5C19143B9710D57FD520F /* LaunchScreen.storyboard in Resources */,
			);
			runOnlyForDeploymentPostprocessing = 0;
		};
/* End PBXResourcesBuildPhase section */

/* Begin PBXSourcesBuildPhase section */
		7741EE754F963ED6CAB3663E /* Sources */ = {
			isa = PBXSourcesBuildPhase;
			buildActionMask = 2147483647;
			files = (
				0A1D981F79C6E54FD4DB2B95 /* ImageEditorView.swift in Sources */,
				8B56B10C965B4019ACFDE260 /* ImageEditorViewModel.swift in Sources */,
				794CD725BA1DE9E7A54B950F /* ImageManipulatorApp.swift in Sources */,
				9D6E18C85D3C8630371E899F /* ImagePicker.swift in Sources */,
				5293F5E9DC499635AE13A119 /* SceneDelegate.swift in Sources */,
			);
			runOnlyForDeploymentPostprocessing = 0;
		};
/* End PBXSourcesBuildPhase section */

/* Begin XCBuildConfiguration section */
		13B39DAF749B355F79DD1F4C /* Release */ = {
			isa = XCBuildConfiguration;
			buildSettings = {
				ALWAYS_EMBED_SWIFT_STANDARD_LIBRARIES = YES;
				ASSETCATALOG_COMPILER_APPICON_NAME = AppIcon;
				CODE_SIGN_IDENTITY = "iPhone Developer";
				DEVELOPMENT_TEAM = "";
				"EXCLUDED_ARCHS[sdk=iphonesimulator*]" = "";
				FRAMEWORK_SEARCH_PATHS = (
					"$(SRCROOT)/../build/cocoapods/framework",
					"\"../build/cocoapods/framework\"",
				);
				INFOPLIST_FILE = Info.plist;
				IPHONEOS_DEPLOYMENT_TARGET = 14.0;
				LD_RUNPATH_SEARCH_PATHS = (
					"$(inherited)",
					"@executable_path/Frameworks",
				);
				PRODUCT_BUNDLE_IDENTIFIER = com.example.ImageManipulator;
				SDKROOT = iphoneos;
				TARGETED_DEVICE_FAMILY = "1,2";
				VALID_ARCHS = "arm64 x86_64";
			};
			name = Release;
		};
		6E3FC21D88170E0A5CEEC6B9 /* Debug */ = {
			isa = XCBuildConfiguration;
			buildSettings = {
				ALWAYS_SEARCH_USER_PATHS = NO;
				CLANG_ANALYZER_NONNULL = YES;
				CLANG_ANALYZER_NUMBER_OBJECT_CONVERSION = YES_AGGRESSIVE;
				CLANG_CXX_LANGUAGE_STANDARD = "gnu++14";
				CLANG_CXX_LIBRARY = "libc++";
				CLANG_ENABLE_MODULES = YES;
				CLANG_ENABLE_OBJC_ARC = YES;
				CLANG_ENABLE_OBJC_WEAK = YES;
				CLANG_WARN_BLOCK_CAPTURE_AUTORELEASING = YES;
				CLANG_WARN_BOOL_CONVERSION = YES;
				CLANG_WARN_COMMA = YES;
				CLANG_WARN_CONSTANT_CONVERSION = YES;
				CLANG_WARN_DEPRECATED_OBJC_IMPLEMENTATIONS = YES;
				CLANG_WARN_DIRECT_OBJC_ISA_USAGE = YES_ERROR;
				CLANG_WARN_DOCUMENTATION_COMMENTS = YES;
				CLANG_WARN_EMPTY_BODY = YES;
				CLANG_WARN_ENUM_CONVERSION = YES;
				CLANG_WARN_INFINITE_RECURSION = YES;
				CLANG_WARN_INT_CONVERSION = YES;
				CLANG_WARN_NON_LITERAL_NULL_CONVERSION = YES;
				CLANG_WARN_OBJC_IMPLICIT_RETAIN_SELF = YES;
				CLANG_WARN_OBJC_LITERAL_CONVERSION = YES;
				CLANG_WARN_OBJC_ROOT_CLASS = YES_ERROR;
				CLANG_WARN_QUOTED_INCLUDE_IN_FRAMEWORK_HEADER = YES;
				CLANG_WARN_RANGE_LOOP_ANALYSIS = YES;
				CLANG_WARN_STRICT_PROTOTYPES = YES;
				CLANG_WARN_SUSPICIOUS_MOVE = YES;
				CLANG_WARN_UNGUARDED_AVAILABILITY = YES_AGGRESSIVE;
				CLANG_WARN_UNREACHABLE_CODE = YES;
				CLANG_WARN__DUPLICATE_METHOD_MATCH = YES;
				COPY_PHASE_STRIP = NO;
				DEBUG_INFORMATION_FORMAT = dwarf;
				ENABLE_STRICT_OBJC_MSGSEND = YES;
				ENABLE_TESTABILITY = YES;
				GCC_C_LANGUAGE_STANDARD = gnu11;
				GCC_DYNAMIC_NO_PIC = NO;
				GCC_NO_COMMON_BLOCKS = YES;
				GCC_OPTIMIZATION_LEVEL = 0;
				GCC_PREPROCESSOR_DEFINITIONS = (
					"$(inherited)",
					"DEBUG=1",
				);
				GCC_WARN_64_TO_32_BIT_CONVERSION = YES;
				GCC_WARN_ABOUT_RETURN_TYPE = YES_ERROR;
				GCC_WARN_UNDECLARED_SELECTOR = YES;
				GCC_WARN_UNINITIALIZED_AUTOS = YES_AGGRESSIVE;
				GCC_WARN_UNUSED_FUNCTION = YES;
				GCC_WARN_UNUSED_VARIABLE = YES;
				IPHONEOS_DEPLOYMENT_TARGET = 14.0;
				MTL_ENABLE_DEBUG_INFO = INCLUDE_SOURCE;
				MTL_FAST_MATH = YES;
				ONLY_ACTIVE_ARCH = YES;
				PRODUCT_NAME = "$(TARGET_NAME)";
				SDKROOT = iphoneos;
				SWIFT_ACTIVE_COMPILATION_CONDITIONS = DEBUG;
				SWIFT_OPTIMIZATION_LEVEL = "-Onone";
				SWIFT_VERSION = 5.0;
			};
			name = Debug;
		};
		CB041CEE4E6E35266001779B /* Release */ = {
			isa = XCBuildConfiguration;
			buildSettings = {
				ALWAYS_SEARCH_USER_PATHS = NO;
				CLANG_ANALYZER_NONNULL = YES;
				CLANG_ANALYZER_NUMBER_OBJECT_CONVERSION = YES_AGGRESSIVE;
				CLANG_CXX_LANGUAGE_STANDARD = "gnu++14";
				CLANG_CXX_LIBRARY = "libc++";
				CLANG_ENABLE_MODULES = YES;
				CLANG_ENABLE_OBJC_ARC = YES;
				CLANG_ENABLE_OBJC_WEAK = YES;
				CLANG_WARN_BLOCK_CAPTURE_AUTORELEASING = YES;
				CLANG_WARN_BOOL_CONVERSION = YES;
				CLANG_WARN_COMMA = YES;
				CLANG_WARN_CONSTANT_CONVERSION = YES;
				CLANG_WARN_DEPRECATED_OBJC_IMPLEMENTATIONS = YES;
				CLANG_WARN_DIRECT_OBJC_ISA_USAGE = YES_ERROR;
				CLANG_WARN_DOCUMENTATION_COMMENTS = YES;
				CLANG_WARN_EMPTY_BODY = YES;
				CLANG_WARN_ENUM_CONVERSION = YES;
				CLANG_WARN_INFINITE_RECURSION = YES;
				CLANG_WARN_INT_CONVERSION = YES;
				CLANG_WARN_NON_LITERAL_NULL_CONVERSION = YES;
				CLANG_WARN_OBJC_IMPLICIT_RETAIN_SELF = YES;
				CLANG_WARN_OBJC_LITERAL_CONVERSION = YES;
				CLANG_WARN_OBJC_ROOT_CLASS = YES_ERROR;
				CLANG_WARN_QUOTED_INCLUDE_IN_FRAMEWORK_HEADER = YES;
				CLANG_WARN_RANGE_LOOP_ANALYSIS = YES;
				CLANG_WARN_STRICT_PROTOTYPES = YES;
				CLANG_WARN_SUSPICIOUS_MOVE = YES;
				CLANG_WARN_UNGUARDED_AVAILABILITY = YES_AGGRESSIVE;
				CLANG_WARN_UNREACHABLE_CODE = YES;
				CLANG_WARN__DUPLICATE_METHOD_MATCH = YES;
				COPY_PHASE_STRIP = NO;
				DEBUG_INFORMATION_FORMAT = "dwarf-with-dsym";
				ENABLE_NS_ASSERTIONS = NO;
				ENABLE_STRICT_OBJC_MSGSEND = YES;
				GCC_C_LANGUAGE_STANDARD = gnu11;
				GCC_NO_COMMON_BLOCKS = YES;
				GCC_WARN_64_TO_32_BIT_CONVERSION = YES;
				GCC_WARN_ABOUT_RETURN_TYPE = YES_ERROR;
				GCC_WARN_UNDECLARED_SELECTOR = YES;
				GCC_WARN_UNINITIALIZED_AUTOS = YES_AGGRESSIVE;
				GCC_WARN_UNUSED_FUNCTION = YES;
				GCC_WARN_UNUSED_VARIABLE = YES;
				IPHONEOS_DEPLOYMENT_TARGET = 14.0;
				MTL_ENABLE_DEBUG_INFO = NO;
				MTL_FAST_MATH = YES;
				PRODUCT_NAME = "$(TARGET_NAME)";
				SDKROOT = iphoneos;
				SWIFT_COMPILATION_MODE = wholemodule;
				SWIFT_OPTIMIZATION_LEVEL = "-O";
				SWIFT_VERSION = 5.0;
			};
			name = Release;
		};
		E969176AF2CDC378D7FC9EF1 /* Debug */ = {
			isa = XCBuildConfiguration;
			buildSettings = {
				ALWAYS_EMBED_SWIFT_STANDARD_LIBRARIES = YES;
				ASSETCATALOG_COMPILER_APPICON_NAME = AppIcon;
				CODE_SIGN_IDENTITY = "iPhone Developer";
				DEVELOPMENT_TEAM = "";
				"EXCLUDED_ARCHS[sdk=iphonesimulator*]" = "";
				FRAMEWORK_SEARCH_PATHS = (
					"$(SRCROOT)/../build/cocoapods/framework",
					"\"../build/cocoapods/framework\"",
				);
				INFOPLIST_FILE = Info.plist;
				IPHONEOS_DEPLOYMENT_TARGET = 14.0;
				LD_RUNPATH_SEARCH_PATHS = (
					"$(inherited)",
					"@executable_path/Frameworks",
				);
				PRODUCT_BUNDLE_IDENTIFIER = com.example.ImageManipulator;
				SDKROOT = iphoneos;
				TARGETED_DEVICE_FAMILY = "1,2";
				VALID_ARCHS = "arm64 x86_64";
			};
			name = Debug;
		};
/* End XCBuildConfiguration section */

/* Begin XCConfigurationList section */
		8C91BD25B238DCCDADF0A3EE /* Build configuration list for PBXProject "ImageManipulator" */ = {
			isa = XCConfigurationList;
			buildConfigurations = (
				6E3FC21D88170E0A5CEEC6B9 /* Debug */,
				CB041CEE4E6E35266001779B /* Release */,
			);
			defaultConfigurationIsVisible = 0;
			defaultConfigurationName = Debug;
		};
		F7D8F5D46014EABD6BBD11E1 /* Build configuration list for PBXNativeTarget "ImageManipulator" */ = {
			isa = XCConfigurationList;
			buildConfigurations = (
				E969176AF2CDC378D7FC9EF1 /* Debug */,
				13B39DAF749B355F79DD1F4C /* Release */,
			);
			defaultConfigurationIsVisible = 0;
			defaultConfigurationName = Debug;
		};
/* End XCConfigurationList section */
	};
	rootObject = F49EFC15E4F9C2CE27B18040 /* Project object */;
}
